
Microsoft Visual Studio Solution File, Format Version 12.00
# Visual Studio Version 17
VisualStudioVersion = 17.14.36623.8 d17.14
MinimumVisualStudioVersion = 10.0.40219.1
Project("{FAE04EC0-301F-11D3-BF4B-00C04F79EFBC}") = "Administratie programma in console", "Administratie programma in console.csproj", "{78676F42-2C31-4FAB-BFBC-0BAF84BC7663}"
EndProject
Global
	GlobalSection(SolutionConfigurationPlatforms) = preSolution
		Debug|Any CPU = Debug|Any CPU
		Release|Any CPU = Release|Any CPU
	EndGlobalSection
	GlobalSection(ProjectConfigurationPlatforms) = postSolution
		{78676F42-2C31-4FAB-BFBC-0BAF84BC7663}.Debug|Any CPU.ActiveCfg = Debug|Any CPU
		{78676F42-2C31-4FAB-BFBC-0BAF84BC7663}.Debug|Any CPU.Build.0 = Debug|Any CPU
		{78676F42-2C31-4FAB-BFBC-0BAF84BC7663}.Release|Any CPU.ActiveCfg = Release|Any CPU
		{78676F42-2C31-4FAB-BFBC-0BAF84BC7663}.Release|Any CPU.Build.0 = Release|Any CPU
	EndGlobalSection
	GlobalSection(SolutionProperties) = preSolution
		HideSolutionNode = FALSE
	EndGlobalSection
	GlobalSection(ExtensibilityGlobals) = postSolution
		SolutionGuid = {F5D67980-1DD8-4B3C-935B-434EE89593B2}
	EndGlobalSection
EndGlobal
